
Microsoft Visual Studio Solution File, Format Version 12.00
# Visual Studio Version 16
VisualStudioVersion = 16.0.31702.278
MinimumVisualStudioVersion = 10.0.40219.1
Project("{FAE04EC0-301F-11D3-BF4B-00C04F79EFBC}") = "LUPC", "LUPC\LUPC.csproj", "{80E76311-5CA9-47FB-B468-46A40D135DBB}"
EndProject
Global
	GlobalSection(SolutionConfigurationPlatforms) = preSolution
		Debug|Any CPU = Debug|Any CPU
		Release|Any CPU = Release|Any CPU
	EndGlobalSection
	GlobalSection(ProjectConfigurationPlatforms) = postSolution
		{80E76311-5CA9-47FB-B468-46A40D135DBB}.Debug|Any CPU.ActiveCfg = Debug|Any CPU
		{80E76311-5CA9-47FB-B468-46A40D135DBB}.Debug|Any CPU.Build.0 = Debug|Any CPU
		{80E76311-5CA9-47FB-B468-46A40D135DBB}.Release|Any CPU.ActiveCfg = Release|Any CPU
		{80E76311-5CA9-47FB-B468-46A40D135DBB}.Release|Any CPU.Build.0 = Release|Any CPU
	EndGlobalSection
	GlobalSection(SolutionProperties) = preSolution
		HideSolutionNode = FALSE
	EndGlobalSection
	GlobalSection(ExtensibilityGlobals) = postSolution
		SolutionGuid = {C72E0FFE-812D-420C-ADDA-177D4B01CE11}
	EndGlobalSection
EndGlobal
